
Microsoft Visual Studio Solution File, Format Version 12.00
# Visual Studio 2013
VisualStudioVersion = 12.0.21005.1
MinimumVisualStudioVersion = 10.0.40219.1
Project("{FAE04EC0-301F-11D3-BF4B-00C04F79EFBC}") = "DUOJU.WECHAT", "DUOJU.WECHAT\DUOJU.WECHAT.csproj", "{1A0AA00F-1F6F-41FB-8363-3EE8FD92FCB8}"
EndProject
Project("{FAE04EC0-301F-11D3-BF4B-00C04F79EFBC}") = "DUOJU.Domain", "DUOJU.Domain\DUOJU.Domain.csproj", "{7805AEB0-24EA-4B8F-841C-81B9C20DBD70}"
EndProject
Project("{FAE04EC0-301F-11D3-BF4B-00C04F79EFBC}") = "DUOJU.Dao", "DUOJU.Dao\DUOJU.Dao.csproj", "{A312563D-E394-457B-9BF8-295B2C2584D5}"
EndProject
Project("{FAE04EC0-301F-11D3-BF4B-00C04F79EFBC}") = "DUOJU.Service", "DUOJU.Service\DUOJU.Service.csproj", "{A569185C-AA56-4B9E-81B0-75902C0CBDA1}"
EndProject
Project("{FAE04EC0-301F-11D3-BF4B-00C04F79EFBC}") = "DUOJU.FRAMEWORK", "DUOJU.FRAMEWORK\DUOJU.FRAMEWORK.csproj", "{7F1C6C00-B42D-47E8-823C-2F27394CDE9E}"
EndProject
Global
	GlobalSection(SolutionConfigurationPlatforms) = preSolution
		Debug|Any CPU = Debug|Any CPU
		Release|Any CPU = Release|Any CPU
	EndGlobalSection
	GlobalSection(ProjectConfigurationPlatforms) = postSolution
		{1A0AA00F-1F6F-41FB-8363-3EE8FD92FCB8}.Debug|Any CPU.ActiveCfg = Debug|Any CPU
		{1A0AA00F-1F6F-41FB-8363-3EE8FD92FCB8}.Debug|Any CPU.Build.0 = Debug|Any CPU
		{1A0AA00F-1F6F-41FB-8363-3EE8FD92FCB8}.Release|Any CPU.ActiveCfg = Release|Any CPU
		{1A0AA00F-1F6F-41FB-8363-3EE8FD92FCB8}.Release|Any CPU.Build.0 = Release|Any CPU
		{7805AEB0-24EA-4B8F-841C-81B9C20DBD70}.Debug|Any CPU.ActiveCfg = Debug|Any CPU
		{7805AEB0-24EA-4B8F-841C-81B9C20DBD70}.Debug|Any CPU.Build.0 = Debug|Any CPU
		{7805AEB0-24EA-4B8F-841C-81B9C20DBD70}.Release|Any CPU.ActiveCfg = Release|Any CPU
		{7805AEB0-24EA-4B8F-841C-81B9C20DBD70}.Release|Any CPU.Build.0 = Release|Any CPU
		{A312563D-E394-457B-9BF8-295B2C2584D5}.Debug|Any CPU.ActiveCfg = Debug|Any CPU
		{A312563D-E394-457B-9BF8-295B2C2584D5}.Debug|Any CPU.Build.0 = Debug|Any CPU
		{A312563D-E394-457B-9BF8-295B2C2584D5}.Release|Any CPU.ActiveCfg = Release|Any CPU
		{A312563D-E394-457B-9BF8-295B2C2584D5}.Release|Any CPU.Build.0 = Release|Any CPU
		{A569185C-AA56-4B9E-81B0-75902C0CBDA1}.Debug|Any CPU.ActiveCfg = Debug|Any CPU
		{A569185C-AA56-4B9E-81B0-75902C0CBDA1}.Debug|Any CPU.Build.0 = Debug|Any CPU
		{A569185C-AA56-4B9E-81B0-75902C0CBDA1}.Release|Any CPU.ActiveCfg = Release|Any CPU
		{A569185C-AA56-4B9E-81B0-75902C0CBDA1}.Release|Any CPU.Build.0 = Release|Any CPU
		{7F1C6C00-B42D-47E8-823C-2F27394CDE9E}.Debug|Any CPU.ActiveCfg = Debug|Any CPU
		{7F1C6C00-B42D-47E8-823C-2F27394CDE9E}.Debug|Any CPU.Build.0 = Debug|Any CPU
		{7F1C6C00-B42D-47E8-823C-2F27394CDE9E}.Release|Any CPU.ActiveCfg = Release|Any CPU
		{7F1C6C00-B42D-47E8-823C-2F27394CDE9E}.Release|Any CPU.Build.0 = Release|Any CPU
	EndGlobalSection
	GlobalSection(SolutionProperties) = preSolution
		HideSolutionNode = FALSE
	EndGlobalSection
EndGlobal
